
Microsoft Visual Studio Solution File, Format Version 12.00
# Visual Studio 14
VisualStudioVersion = 14.0.22823.1
MinimumVisualStudioVersion = 10.0.40219.1
Project("{FAE04EC0-301F-11D3-BF4B-00C04F79EFBC}") = "Framework", "Projects\Framework\Framework.csproj", "{B7D0E27F-3AB2-413A-B9AF-040C67750639}"
EndProject
Project("{FAE04EC0-301F-11D3-BF4B-00C04F79EFBC}") = "AuthServer", "Projects\Servers\AuthServer\AuthServer.csproj", "{8497E5BC-BDA3-4216-82C0-1244CDACA222}"
EndProject
Project("{FAE04EC0-301F-11D3-BF4B-00C04F79EFBC}") = "CharacterServer", "Projects\Servers\CharacterServer\CharacterServer.csproj", "{30F73824-6464-42C5-9006-61DA89C2396D}"
EndProject
Project("{FAE04EC0-301F-11D3-BF4B-00C04F79EFBC}") = "WorldNode", "Projects\Servers\World\WorldNode\WorldNode.csproj", "{DA6EF199-3D5F-4B1A-A1F7-7590039D89AB}"
EndProject
Project("{FAE04EC0-301F-11D3-BF4B-00C04F79EFBC}") = "WorldServer", "Projects\Servers\World\WorldServer\WorldServer.csproj", "{91F8FB24-9BB6-4C20-9B33-BB4360D01B08}"
EndProject
Project("{2150E333-8FDC-42A3-9474-1A3956D46DE8}") = "Servers", "Servers", "{2EFA33CD-BEC3-4300-94B4-B943B2D188DD}"
EndProject
Project("{2150E333-8FDC-42A3-9474-1A3956D46DE8}") = "World", "World", "{0A76B49E-3890-4FC4-85E3-FEC05DD05A6C}"
EndProject
Project("{D954291E-2A0B-460D-934E-DC6B0785DB48}") = "World.Shared", "Projects\Servers\World\World.Shared\World.Shared.shproj", "{EC8D1289-380F-4D85-8716-5B9DD285737D}"
EndProject
Project("{FAE04EC0-301F-11D3-BF4B-00C04F79EFBC}") = "Lappa ORM", "Libraries\LappaORM\Lappa ORM\Lappa ORM.csproj", "{C6E26FB4-A5CA-49A0-82C8-8FEF3CAA8613}"
EndProject
Project("{FAE04EC0-301F-11D3-BF4B-00C04F79EFBC}") = "RemoteServer", "Projects\Servers\RemoteServer\RemoteServer.csproj", "{CB15C7E6-BC3E-4C11-B4AF-D3FBC3F80C82}"
EndProject
Global
	GlobalSection(SharedMSBuildProjectFiles) = preSolution
		Projects\Servers\World\World.Shared\World.Shared.projitems*{ec8d1289-380f-4d85-8716-5b9dd285737d}*SharedItemsImports = 13
		Projects\Servers\World\World.Shared\World.Shared.projitems*{da6ef199-3d5f-4b1a-a1f7-7590039d89ab}*SharedItemsImports = 4
		Projects\Servers\World\World.Shared\World.Shared.projitems*{91f8fb24-9bb6-4c20-9b33-bb4360d01b08}*SharedItemsImports = 4
	EndGlobalSection
	GlobalSection(SolutionConfigurationPlatforms) = preSolution
		Debug|x64 = Debug|x64
		Debug|x86 = Debug|x86
		Release|x64 = Release|x64
		Release|x86 = Release|x86
	EndGlobalSection
	GlobalSection(ProjectConfigurationPlatforms) = postSolution
		{B7D0E27F-3AB2-413A-B9AF-040C67750639}.Debug|x64.ActiveCfg = Debug|x64
		{B7D0E27F-3AB2-413A-B9AF-040C67750639}.Debug|x64.Build.0 = Debug|x64
		{B7D0E27F-3AB2-413A-B9AF-040C67750639}.Debug|x86.ActiveCfg = Debug|x86
		{B7D0E27F-3AB2-413A-B9AF-040C67750639}.Debug|x86.Build.0 = Debug|x86
		{B7D0E27F-3AB2-413A-B9AF-040C67750639}.Release|x64.ActiveCfg = Release|x64
		{B7D0E27F-3AB2-413A-B9AF-040C67750639}.Release|x64.Build.0 = Release|x64
		{B7D0E27F-3AB2-413A-B9AF-040C67750639}.Release|x86.ActiveCfg = Release|x86
		{B7D0E27F-3AB2-413A-B9AF-040C67750639}.Release|x86.Build.0 = Release|x86
		{8497E5BC-BDA3-4216-82C0-1244CDACA222}.Debug|x64.ActiveCfg = Debug|x64
		{8497E5BC-BDA3-4216-82C0-1244CDACA222}.Debug|x64.Build.0 = Debug|x64
		{8497E5BC-BDA3-4216-82C0-1244CDACA222}.Debug|x86.ActiveCfg = Debug|x86
		{8497E5BC-BDA3-4216-82C0-1244CDACA222}.Debug|x86.Build.0 = Debug|x86
		{8497E5BC-BDA3-4216-82C0-1244CDACA222}.Release|x64.ActiveCfg = Release|x64
		{8497E5BC-BDA3-4216-82C0-1244CDACA222}.Release|x64.Build.0 = Release|x64
		{8497E5BC-BDA3-4216-82C0-1244CDACA222}.Release|x86.ActiveCfg = Release|x86
		{8497E5BC-BDA3-4216-82C0-1244CDACA222}.Release|x86.Build.0 = Release|x86
		{30F73824-6464-42C5-9006-61DA89C2396D}.Debug|x64.ActiveCfg = Debug|x64
		{30F73824-6464-42C5-9006-61DA89C2396D}.Debug|x64.Build.0 = Debug|x64
		{30F73824-6464-42C5-9006-61DA89C2396D}.Debug|x86.ActiveCfg = Debug|x86
		{30F73824-6464-42C5-9006-61DA89C2396D}.Debug|x86.Build.0 = Debug|x86
		{30F73824-6464-42C5-9006-61DA89C2396D}.Release|x64.ActiveCfg = Release|x64
		{30F73824-6464-42C5-9006-61DA89C2396D}.Release|x64.Build.0 = Release|x64
		{30F73824-6464-42C5-9006-61DA89C2396D}.Release|x86.ActiveCfg = Release|x86
		{30F73824-6464-42C5-9006-61DA89C2396D}.Release|x86.Build.0 = Release|x86
		{DA6EF199-3D5F-4B1A-A1F7-7590039D89AB}.Debug|x64.ActiveCfg = Debug|x64
		{DA6EF199-3D5F-4B1A-A1F7-7590039D89AB}.Debug|x64.Build.0 = Debug|x64
		{DA6EF199-3D5F-4B1A-A1F7-7590039D89AB}.Debug|x86.ActiveCfg = Debug|x86
		{DA6EF199-3D5F-4B1A-A1F7-7590039D89AB}.Debug|x86.Build.0 = Debug|x86
		{DA6EF199-3D5F-4B1A-A1F7-7590039D89AB}.Release|x64.ActiveCfg = Release|x64
		{DA6EF199-3D5F-4B1A-A1F7-7590039D89AB}.Release|x64.Build.0 = Release|x64
		{DA6EF199-3D5F-4B1A-A1F7-7590039D89AB}.Release|x86.ActiveCfg = Release|x86
		{DA6EF199-3D5F-4B1A-A1F7-7590039D89AB}.Release|x86.Build.0 = Release|x86
		{91F8FB24-9BB6-4C20-9B33-BB4360D01B08}.Debug|x64.ActiveCfg = Debug|x64
		{91F8FB24-9BB6-4C20-9B33-BB4360D01B08}.Debug|x64.Build.0 = Debug|x64
		{91F8FB24-9BB6-4C20-9B33-BB4360D01B08}.Debug|x86.ActiveCfg = Debug|x86
		{91F8FB24-9BB6-4C20-9B33-BB4360D01B08}.Debug|x86.Build.0 = Debug|x86
		{91F8FB24-9BB6-4C20-9B33-BB4360D01B08}.Release|x64.ActiveCfg = Release|x64
		{91F8FB24-9BB6-4C20-9B33-BB4360D01B08}.Release|x64.Build.0 = Release|x64
		{91F8FB24-9BB6-4C20-9B33-BB4360D01B08}.Release|x86.ActiveCfg = Release|x86
		{91F8FB24-9BB6-4C20-9B33-BB4360D01B08}.Release|x86.Build.0 = Release|x86
		{C6E26FB4-A5CA-49A0-82C8-8FEF3CAA8613}.Debug|x64.ActiveCfg = Debug|Any CPU
		{C6E26FB4-A5CA-49A0-82C8-8FEF3CAA8613}.Debug|x64.Build.0 = Debug|Any CPU
		{C6E26FB4-A5CA-49A0-82C8-8FEF3CAA8613}.Debug|x86.ActiveCfg = Debug|Any CPU
		{C6E26FB4-A5CA-49A0-82C8-8FEF3CAA8613}.Debug|x86.Build.0 = Debug|Any CPU
		{C6E26FB4-A5CA-49A0-82C8-8FEF3CAA8613}.Release|x64.ActiveCfg = Release|Any CPU
		{C6E26FB4-A5CA-49A0-82C8-8FEF3CAA8613}.Release|x64.Build.0 = Release|Any CPU
		{C6E26FB4-A5CA-49A0-82C8-8FEF3CAA8613}.Release|x86.ActiveCfg = Release|Any CPU
		{C6E26FB4-A5CA-49A0-82C8-8FEF3CAA8613}.Release|x86.Build.0 = Release|Any CPU
		{CB15C7E6-BC3E-4C11-B4AF-D3FBC3F80C82}.Debug|x64.ActiveCfg = Debug|x64
		{CB15C7E6-BC3E-4C11-B4AF-D3FBC3F80C82}.Debug|x64.Build.0 = Debug|x64
		{CB15C7E6-BC3E-4C11-B4AF-D3FBC3F80C82}.Debug|x86.ActiveCfg = Debug|x86
		{CB15C7E6-BC3E-4C11-B4AF-D3FBC3F80C82}.Debug|x86.Build.0 = Debug|x86
		{CB15C7E6-BC3E-4C11-B4AF-D3FBC3F80C82}.Release|x64.ActiveCfg = Release|x64
		{CB15C7E6-BC3E-4C11-B4AF-D3FBC3F80C82}.Release|x64.Build.0 = Release|x64
		{CB15C7E6-BC3E-4C11-B4AF-D3FBC3F80C82}.Release|x86.ActiveCfg = Release|x86
		{CB15C7E6-BC3E-4C11-B4AF-D3FBC3F80C82}.Release|x86.Build.0 = Release|x86
	EndGlobalSection
	GlobalSection(SolutionProperties) = preSolution
		HideSolutionNode = FALSE
	EndGlobalSection
	GlobalSection(NestedProjects) = preSolution
		{8497E5BC-BDA3-4216-82C0-1244CDACA222} = {2EFA33CD-BEC3-4300-94B4-B943B2D188DD}
		{30F73824-6464-42C5-9006-61DA89C2396D} = {2EFA33CD-BEC3-4300-94B4-B943B2D188DD}
		{DA6EF199-3D5F-4B1A-A1F7-7590039D89AB} = {0A76B49E-3890-4FC4-85E3-FEC05DD05A6C}
		{91F8FB24-9BB6-4C20-9B33-BB4360D01B08} = {0A76B49E-3890-4FC4-85E3-FEC05DD05A6C}
		{0A76B49E-3890-4FC4-85E3-FEC05DD05A6C} = {2EFA33CD-BEC3-4300-94B4-B943B2D188DD}
		{EC8D1289-380F-4D85-8716-5B9DD285737D} = {0A76B49E-3890-4FC4-85E3-FEC05DD05A6C}
		{CB15C7E6-BC3E-4C11-B4AF-D3FBC3F80C82} = {2EFA33CD-BEC3-4300-94B4-B943B2D188DD}
	EndGlobalSection
EndGlobal
